
Microsoft Visual Studio Solution File, Format Version 12.00
# Visual Studio Version 17
VisualStudioVersion = 17.12.35527.113
MinimumVisualStudioVersion = 10.0.40219.1
Project("{FAE04EC0-301F-11D3-BF4B-00C04F79EFBC}") = "Examples", "Examples\Examples.csproj", "{9AFE7DAE-B043-4A86-AAA7-172049314973}"
EndProject
Project("{FAE04EC0-301F-11D3-BF4B-00C04F79EFBC}") = "LightNet", "LightNet\LightNet.csproj", "{65F20025-614D-4D81-A7B8-8F82D3576139}"
EndProject
Global
	GlobalSection(SolutionConfigurationPlatforms) = preSolution
		Debug|Any CPU = Debug|Any CPU
		Release|Any CPU = Release|Any CPU
	EndGlobalSection
	GlobalSection(ProjectConfigurationPlatforms) = postSolution
		{9AFE7DAE-B043-4A86-AAA7-172049314973}.Debug|Any CPU.ActiveCfg = Debug|Any CPU
		{9AFE7DAE-B043-4A86-AAA7-172049314973}.Debug|Any CPU.Build.0 = Debug|Any CPU
		{9AFE7DAE-B043-4A86-AAA7-172049314973}.Release|Any CPU.ActiveCfg = Release|Any CPU
		{9AFE7DAE-B043-4A86-AAA7-172049314973}.Release|Any CPU.Build.0 = Release|Any CPU
		{65F20025-614D-4D81-A7B8-8F82D3576139}.Debug|Any CPU.ActiveCfg = Debug|Any CPU
		{65F20025-614D-4D81-A7B8-8F82D3576139}.Debug|Any CPU.Build.0 = Debug|Any CPU
		{65F20025-614D-4D81-A7B8-8F82D3576139}.Release|Any CPU.ActiveCfg = Release|Any CPU
		{65F20025-614D-4D81-A7B8-8F82D3576139}.Release|Any CPU.Build.0 = Release|Any CPU
	EndGlobalSection
	GlobalSection(SolutionProperties) = preSolution
		HideSolutionNode = FALSE
	EndGlobalSection
EndGlobal
